# DO NOT EDIT MANUALLY - Managed by Fern Replay
version: "1.0"
generations:
  - commit_sha: aac14efcef537ef46576b68dbd9b87daf02db43c
    tree_hash: 30e899678047c9b4c009126ade6468046d5b6fcd
    timestamp: 2026-07-16T00:35:30.577Z
    cli_version: unknown
    generator_versions: {}
  - commit_sha: 7325d914c267b920f5ffebb5d1c95c1ea67dfa3c
    tree_hash: d825bb8091b8da6624a645b6bcfecb056921a448
    timestamp: 2026-07-16T00:35:31.464Z
    cli_version: unknown
    generator_versions:
      fernapi/fern-go-sdk: 1.5.0
  - commit_sha: 568c255b42d0fc54818eb7f29a44b3b9f2179f44
    tree_hash: 9fd7746ef2563b067b9f3ad9fb5a3ea1ceb7b9f5
    timestamp: 2026-07-28T21:27:44.896Z
    cli_version: unknown
    generator_versions:
      fernapi/fern-go-sdk: 1.5.0
  - commit_sha: a788df095acab73a0355dac6e114f1b828d1761a
    tree_hash: 9380208e450197cf27126bfafd838e87ccf653c3
    timestamp: 2026-08-04T17:49:45.962Z
    cli_version: unknown
    generator_versions:
      fernapi/fern-go-sdk: 1.5.0
  - commit_sha: 458454fbeef7631ee17adfc17c040fa5cbcc253d
    tree_hash: 463c999eff65f7202a46515ae210215e1e5a8c84
    timestamp: 2026-08-11T20:04:35.900Z
    cli_version: unknown
    generator_versions:
      fernapi/fern-go-sdk: 1.5.0
current_generation: 458454fbeef7631ee17adfc17c040fa5cbcc253d
patches: []
