# DO NOT EDIT MANUALLY - Managed by Fern Replay
version: "1.0"
generations:
  - commit_sha: b36c986713e8472c636f59f85577891904e5e537
    tree_hash: dd1a50c5ad2948eb84ca2ddd1283469c03849767
    timestamp: 2026-08-25T01:02:25.993Z
    cli_version: unknown
    generator_versions: {}
  - commit_sha: f1295071fa85e29749644dec1df330015eeee412
    tree_hash: 0409cae0b7c3b39c4d2bf0a4bb0bdbcf528b48a6
    timestamp: 2026-08-25T01:02:29.619Z
    cli_version: unknown
    generator_versions:
      fernapi/fern-go-sdk: 1.57.8
  - commit_sha: 9d21fc854f7c99a0bcaf990850d6d6b3c07ef794
    tree_hash: 74c8ffe76867f66e9c3f94215e03ed34fe647a76
    timestamp: 2026-08-25T01:50:57.999Z
    cli_version: unknown
    generator_versions:
      fernapi/fern-go-sdk: 1.57.8
current_generation: 9d21fc854f7c99a0bcaf990850d6d6b3c07ef794
patches: []
