# DO NOT EDIT MANUALLY - Managed by Fern Replay
version: "1.0"
generations:
  - commit_sha: aac14efcef537ef46576b68dbd9b87daf02db43c
    tree_hash: 30e899678047c9b4c009126ade6468046d5b6fcd
    timestamp: 2026-07-15T20:37:31.184Z
    cli_version: unknown
    generator_versions: {}
  - commit_sha: 45d29022d1229f42d945b16a4b3fb0b7f6169dc7
    tree_hash: 0f31c0fe4ad286b2d136292196d37dd42beb11a6
    timestamp: 2026-07-15T20:37:32.207Z
    cli_version: unknown
    generator_versions:
      fernapi/fern-go-sdk: 1.5.0
current_generation: 45d29022d1229f42d945b16a4b3fb0b7f6169dc7
patches: []
